// !$*UTF8*$!
{
	archiveVersion = 1;
	classes = {};
	objectVersion = 56;
	objects = {
		CFB99C84F9F14BB3BD73421A = { isa = PBXFileReference; lastKnownFileType = sourcecode.swift; path = "Sources/Input/FunctionKeyPressTracker.swift"; sourceTree = "<group>"; };
		DFB99C84F9F14BB3BD73421A = { isa = PBXBuildFile; fileRef = CFB99C84F9F14BB3BD73421A; };
        AFB99C84F9F14BB3BD73421A = { isa = PBXFileReference; lastKnownFileType = sourcecode.swift; path = "Sources/Input/FunctionKeyMonitor.swift"; sourceTree = "<group>"; };
        BFB99C84F9F14BB3BD73421A = { isa = PBXBuildFile; fileRef = AFB99C84F9F14BB3BD73421A; };
		963D3566FE0E309BD582F4EE = { isa = PBXFileReference; lastKnownFileType = folder.icon; path = "Resources/KeyPet.icon"; sourceTree = "<group>"; };
		60535128FF304D9CBE43B838 = { isa = PBXBuildFile; fileRef = 963D3566FE0E309BD582F4EE; };
		BD84DAF23E7F5FEBD0301663 = { isa = PBXFileReference; lastKnownFileType = text; path = "LICENSE"; sourceTree = "<group>"; };
		F616EC026A9388933F110D25 = { isa = PBXBuildFile; fileRef = BD84DAF23E7F5FEBD0301663; };
		B2A10B7658779EA0E13E9562 = { isa = PBXFileReference; lastKnownFileType = sourcecode.swift; path = "Sources/App/AppController.swift"; sourceTree = "<group>"; };
		2BD04A301A7458FC8C1761DF = { isa = PBXBuildFile; fileRef = B2A10B7658779EA0E13E9562; };
		7DE401FCD04D72B332322818 = { isa = PBXFileReference; lastKnownFileType = sourcecode.swift; path = "Sources/App/InputPermissionController.swift"; sourceTree = "<group>"; };
		2B79D2A852944BD42F00E483 = { isa = PBXBuildFile; fileRef = 7DE401FCD04D72B332322818; };
		0FF220F036D9CCCAA0E0936C = { isa = PBXFileReference; lastKnownFileType = sourcecode.swift; path = "Sources/App/L10n.swift"; sourceTree = "<group>"; };
		F7C4E2F572B49AF6A8ED6099 = { isa = PBXBuildFile; fileRef = 0FF220F036D9CCCAA0E0936C; };
		20C0FA05BF30A404AFD99AD6 = { isa = PBXFileReference; lastKnownFileType = sourcecode.swift; path = "Sources/App/LifecycleController.swift"; sourceTree = "<group>"; };
		C6F91170845A662C9FAD00C0 = { isa = PBXBuildFile; fileRef = 20C0FA05BF30A404AFD99AD6; };
		342B5BD9037D24A87167B1A9 = { isa = PBXFileReference; lastKnownFileType = sourcecode.swift; path = "Sources/App/MenuSliderView.swift"; sourceTree = "<group>"; };
		CAC6EC2B771C7D36213AD980 = { isa = PBXBuildFile; fileRef = 342B5BD9037D24A87167B1A9; };
		BB1C4223BB7C7D1065C50654 = { isa = PBXFileReference; lastKnownFileType = sourcecode.swift; path = "Sources/App/PetRenderer.swift"; sourceTree = "<group>"; };
		4B9031B2FEED8C3E093D684A = { isa = PBXBuildFile; fileRef = BB1C4223BB7C7D1065C50654; };
		63A63F84D5980FCA72BE1C17 = { isa = PBXFileReference; lastKnownFileType = sourcecode.swift; path = "Sources/App/PetWindowController.swift"; sourceTree = "<group>"; };
		F206479BADA96A1E8C620D7C = { isa = PBXBuildFile; fileRef = 63A63F84D5980FCA72BE1C17; };
		63076B6501997BEC163505AD = { isa = PBXFileReference; lastKnownFileType = sourcecode.swift; path = "Sources/App/PreferencesStore.swift"; sourceTree = "<group>"; };
		F24FF40306130EAD53D24F32 = { isa = PBXBuildFile; fileRef = 63076B6501997BEC163505AD; };
		AF086B9EDF5D21B7535C7202 = { isa = PBXFileReference; lastKnownFileType = sourcecode.swift; path = "Sources/App/main.swift"; sourceTree = "<group>"; };
		EA312EDD4387DEDE9FA781D0 = { isa = PBXBuildFile; fileRef = AF086B9EDF5D21B7535C7202; };
		7FE7C2B81BB63DF28C3107F2 = { isa = PBXFileReference; lastKnownFileType = sourcecode.swift; path = "Sources/Assets/PetAssetDecoder.swift"; sourceTree = "<group>"; };
		69B8BA9FE478F22EA36DE65A = { isa = PBXBuildFile; fileRef = 7FE7C2B81BB63DF28C3107F2; };
		C82B65EB7F314F18A88803C4 = { isa = PBXFileReference; lastKnownFileType = sourcecode.swift; path = "Sources/Assets/PetLibrary.swift"; sourceTree = "<group>"; };
		97AFAB0ED8B6548D6551D5FE = { isa = PBXBuildFile; fileRef = C82B65EB7F314F18A88803C4; };
		13C76E45EA0D7C9FFEB668AA = { isa = PBXFileReference; lastKnownFileType = sourcecode.swift; path = "Sources/Assets/PetPlaybackController.swift"; sourceTree = "<group>"; };
		C80571122940884D49AA53B0 = { isa = PBXBuildFile; fileRef = 13C76E45EA0D7C9FFEB668AA; };
		7FF253E7C67830D652A50196 = { isa = PBXFileReference; lastKnownFileType = sourcecode.swift; path = "Sources/Core/PetContracts.swift"; sourceTree = "<group>"; };
		88729A2DE1C2AF154AEE0F83 = { isa = PBXBuildFile; fileRef = 7FF253E7C67830D652A50196; };
		C2E1EA7312394319D5CED6AA = { isa = PBXFileReference; lastKnownFileType = sourcecode.swift; path = "Sources/Input/KeyboardMonitor.swift"; sourceTree = "<group>"; };
		5C84AFCCBEBC65C6D068A435 = { isa = PBXBuildFile; fileRef = C2E1EA7312394319D5CED6AA; };
		4619530BEAADB13C6C957D48 = { isa = PBXFileReference; lastKnownFileType = sourcecode.swift; path = "Sources/Input/PetInputStateMachine.swift"; sourceTree = "<group>"; };
		B6F4780F416AF7240EDE6D58 = { isa = PBXBuildFile; fileRef = 4619530BEAADB13C6C957D48; };
		3200A59DBCDA07E2E450A343 = { isa = PBXFileReference; lastKnownFileType = sourcecode.swift; path = "Sources/Input/PetKeyMapping.swift"; sourceTree = "<group>"; };
		FC1C0E2E28F1EDE49DEF5FF7 = { isa = PBXBuildFile; fileRef = 3200A59DBCDA07E2E450A343; };
		B8FA18644A594FE11B39A425 = { isa = PBXFileReference; lastKnownFileType = folder.assetcatalog; path = "Resources/Assets.xcassets"; sourceTree = "<group>"; };
		0561B6B779527A2FA058B6AB = { isa = PBXBuildFile; fileRef = B8FA18644A594FE11B39A425; };
		9F9E34D9064D43D2336A206C = { isa = PBXFileReference; lastKnownFileType = text.plist.strings; name = "en"; path = "Resources/en.lproj/Localizable.strings"; sourceTree = "<group>"; };
		94D52D805C7FA56FE32D8681 = { isa = PBXFileReference; lastKnownFileType = text.plist.strings; name = "ja"; path = "Resources/ja.lproj/Localizable.strings"; sourceTree = "<group>"; };
		F6601A9D34648022C1A370F6 = { isa = PBXFileReference; lastKnownFileType = text.plist.strings; name = "zh-Hant"; path = "Resources/zh-Hant.lproj/Localizable.strings"; sourceTree = "<group>"; };
		83253DA26EEA95FA4F6BB47A = { isa = PBXFileReference; lastKnownFileType = text.plist.strings; name = "zh-Hans"; path = "Resources/zh-Hans.lproj/Localizable.strings"; sourceTree = "<group>"; };
		98A9EECBA5717074E145F5F0 = { isa = PBXVariantGroup; children = (9F9E34D9064D43D2336A206C, 94D52D805C7FA56FE32D8681, F6601A9D34648022C1A370F6, 83253DA26EEA95FA4F6BB47A); name = Localizable.strings; sourceTree = "<group>"; };
		31E47623E9E496DCBEA27AA8 = { isa = PBXBuildFile; fileRef = 98A9EECBA5717074E145F5F0; };
		A8792157CB4F27FB949C035F = { isa = PBXFileReference; explicitFileType = wrapper.application; includeInIndex = 0; path = KeyPet.app; sourceTree = BUILT_PRODUCTS_DIR; };
		0A3E27B8CA818264D75C8D81 = { isa = PBXGroup; children = (A8792157CB4F27FB949C035F,); name = Products; sourceTree = "<group>"; };
		4813494D137E1631BBA301D5 = { isa = PBXGroup; children = (CFB99C84F9F14BB3BD73421A, AFB99C84F9F14BB3BD73421A, 963D3566FE0E309BD582F4EE, BD84DAF23E7F5FEBD0301663, B2A10B7658779EA0E13E9562, 7DE401FCD04D72B332322818, 0FF220F036D9CCCAA0E0936C, 20C0FA05BF30A404AFD99AD6, 342B5BD9037D24A87167B1A9, BB1C4223BB7C7D1065C50654, 63A63F84D5980FCA72BE1C17, 63076B6501997BEC163505AD, AF086B9EDF5D21B7535C7202, 7FE7C2B81BB63DF28C3107F2, C82B65EB7F314F18A88803C4, 13C76E45EA0D7C9FFEB668AA, 7FF253E7C67830D652A50196, C2E1EA7312394319D5CED6AA, 4619530BEAADB13C6C957D48, 3200A59DBCDA07E2E450A343, B8FA18644A594FE11B39A425, 98A9EECBA5717074E145F5F0, 0A3E27B8CA818264D75C8D81,); sourceTree = "<group>"; };
		CAF85B0888D78F1F83771A07 = { isa = PBXSourcesBuildPhase; buildActionMask = 2147483647; files = (DFB99C84F9F14BB3BD73421A, BFB99C84F9F14BB3BD73421A, 2BD04A301A7458FC8C1761DF, 2B79D2A852944BD42F00E483, F7C4E2F572B49AF6A8ED6099, C6F91170845A662C9FAD00C0, CAC6EC2B771C7D36213AD980, 4B9031B2FEED8C3E093D684A, F206479BADA96A1E8C620D7C, F24FF40306130EAD53D24F32, EA312EDD4387DEDE9FA781D0, 69B8BA9FE478F22EA36DE65A, 97AFAB0ED8B6548D6551D5FE, C80571122940884D49AA53B0, 88729A2DE1C2AF154AEE0F83, 5C84AFCCBEBC65C6D068A435, B6F4780F416AF7240EDE6D58, FC1C0E2E28F1EDE49DEF5FF7); runOnlyForDeploymentPostprocessing = 0; };
		E89B30AA1DC30A6AD8C34610 = { isa = PBXResourcesBuildPhase; buildActionMask = 2147483647; files = (60535128FF304D9CBE43B838, F616EC026A9388933F110D25, 0561B6B779527A2FA058B6AB, 31E47623E9E496DCBEA27AA8); runOnlyForDeploymentPostprocessing = 0; };
		CAFD6B725820BD8EFB592E21 = { isa = PBXFrameworksBuildPhase; buildActionMask = 2147483647; files = (); runOnlyForDeploymentPostprocessing = 0; };
		73EBF6644258C120893E685D = { isa = XCBuildConfiguration; buildSettings = { ARCHS = "arm64"; MACOSX_DEPLOYMENT_TARGET = "15.0"; SDKROOT = "macosx"; CLANG_ENABLE_MODULES = "YES"; SWIFT_VERSION = "6.0"; SWIFT_STRICT_CONCURRENCY = "complete"; ONLY_ACTIVE_ARCH = "YES"; SWIFT_OPTIMIZATION_LEVEL = "-Onone"; }; name = Debug; };
		6C7EFF6369083C8E1F2B1994 = { isa = XCBuildConfiguration; buildSettings = { PRODUCT_NAME = "KeyPet"; PRODUCT_BUNDLE_IDENTIFIER = "local.kenny.KeyPet"; INFOPLIST_FILE = "BuildSupport/Info.plist"; GENERATE_INFOPLIST_FILE = "NO"; CODE_SIGN_STYLE = "Manual"; CODE_SIGN_IDENTITY = "-"; ENABLE_HARDENED_RUNTIME = "YES"; ENABLE_APP_SANDBOX = "NO"; SWIFT_EMIT_LOC_STRINGS = "NO"; COMBINE_HIDPI_IMAGES = "YES"; ASSETCATALOG_COMPILER_APPICON_NAME = "KeyPet"; }; name = Debug; };
		0B0C687DF8B6B8DC790B519C = { isa = XCBuildConfiguration; buildSettings = { ARCHS = "arm64"; MACOSX_DEPLOYMENT_TARGET = "15.0"; SDKROOT = "macosx"; CLANG_ENABLE_MODULES = "YES"; SWIFT_VERSION = "6.0"; SWIFT_STRICT_CONCURRENCY = "complete"; ONLY_ACTIVE_ARCH = "YES"; SWIFT_OPTIMIZATION_LEVEL = "-O"; SWIFT_COMPILATION_MODE = "wholemodule"; }; name = Release; };
		DD75E2CB1C510A828AC72D96 = { isa = XCBuildConfiguration; buildSettings = { PRODUCT_NAME = "KeyPet"; PRODUCT_BUNDLE_IDENTIFIER = "local.kenny.KeyPet"; INFOPLIST_FILE = "BuildSupport/Info.plist"; GENERATE_INFOPLIST_FILE = "NO"; CODE_SIGN_STYLE = "Manual"; CODE_SIGN_IDENTITY = "-"; ENABLE_HARDENED_RUNTIME = "YES"; ENABLE_APP_SANDBOX = "NO"; SWIFT_EMIT_LOC_STRINGS = "NO"; COMBINE_HIDPI_IMAGES = "YES"; ASSETCATALOG_COMPILER_APPICON_NAME = "KeyPet"; }; name = Release; };
		76F8DEC3DFE0BDB465198890 = { isa = XCConfigurationList; buildConfigurations = (73EBF6644258C120893E685D, 0B0C687DF8B6B8DC790B519C); defaultConfigurationIsVisible = 0; defaultConfigurationName = Release; };
		1B672BF3DA427763BF644BE3 = { isa = XCConfigurationList; buildConfigurations = (6C7EFF6369083C8E1F2B1994, DD75E2CB1C510A828AC72D96); defaultConfigurationIsVisible = 0; defaultConfigurationName = Release; };
		34A04005BCAF206EEC990BD9 = { isa = PBXNativeTarget; buildConfigurationList = 1B672BF3DA427763BF644BE3; buildPhases = (CAF85B0888D78F1F83771A07, CAFD6B725820BD8EFB592E21, E89B30AA1DC30A6AD8C34610); buildRules = (); dependencies = (); name = KeyPet; productName = KeyPet; productReference = A8792157CB4F27FB949C035F; productType = "com.apple.product-type.application"; };
		244210E48437B6556980A702 = { isa = PBXProject; attributes = { LastUpgradeCheck = 2700; }; buildConfigurationList = 76F8DEC3DFE0BDB465198890; compatibilityVersion = "Xcode 14.0"; developmentRegion = en; hasScannedForEncodings = 0; knownRegions = ("en", "ja", "zh-Hant", "zh-Hans", Base); mainGroup = 4813494D137E1631BBA301D5; productRefGroup = 0A3E27B8CA818264D75C8D81; projectDirPath = ""; projectRoot = ""; targets = (34A04005BCAF206EEC990BD9,); };
	};
	rootObject = 244210E48437B6556980A702;
}
